// !$*UTF8*$!
{
	archiveVersion = 1;
	classes = {
	};
	objectVersion = 46;
	objects = {

/* Begin PBXBuildFile section */
		F39ABDD81CE787E0004E82BA /* main.m in Sources */ = {isa = PBXBuildFile; fileRef = F39ABDD71CE787E0004E82BA /* main.m */; };
		F39ABDDB1CE787E0004E82BA /* AppDelegate.m in Sources */ = {isa = PBXBuildFile; fileRef = F39ABDDA1CE787E0004E82BA /* AppDelegate.m */; };
		F39ABDDE1CE787E0004E82BA /* ViewController.m in Sources */ = {isa = PBXBuildFile; fileRef = F39ABDDD1CE787E0004E82BA /* ViewController.m */; };
		F39ABDE11CE787E0004E82BA /* Main.storyboard in Resources */ = {isa = PBXBuildFile; fileRef = F39ABDDF1CE787E0004E82BA /* Main.storyboard */; };
		F39ABDE31CE787E0004E82BA /* Assets.xcassets in Resources */ = {isa = PBXBuildFile; fileRef = F39ABDE21CE787E0004E82BA /* Assets.xcassets */; };
		F39ABDE61CE787E0004E82BA /* LaunchScreen.storyboard in Resources */ = {isa = PBXBuildFile; fileRef = F39ABDE41CE787E0004E82BA /* LaunchScreen.storyboard */; };
		F39ABDF11CE787E0004E82BA /* demo13_NSOperationDownloadTests.m in Sources */ = {isa = PBXBuildFile; fileRef = F39ABDF01CE787E0004E82BA /* demo13_NSOperationDownloadTests.m */; };
		F39ABDFC1CE787E0004E82BA /* demo13_NSOperationDownloadUITests.m in Sources */ = {isa = PBXBuildFile; fileRef = F39ABDFB1CE787E0004E82BA /* demo13_NSOperationDownloadUITests.m */; };
/* End PBXBuildFile section */

/* Begin PBXContainerItemProxy section */
		F39ABDED1CE787E0004E82BA /* PBXContainerItemProxy */ = {
			isa = PBXContainerItemProxy;
			containerPortal = F39ABDCB1CE787E0004E82BA /* Project object */;
			proxyType = 1;
			remoteGlobalIDString = F39ABDD21CE787E0004E82BA;
			remoteInfo = demo13_NSOperationDownload;
		};
		F39ABDF81CE787E0004E82BA /* PBXContainerItemProxy */ = {
			isa = PBXContainerItemProxy;
			containerPortal = F39ABDCB1CE787E0004E82BA /* Project object */;
			proxyType = 1;
			remoteGlobalIDString = F39ABDD21CE787E0004E82BA;
			remoteInfo = demo13_NSOperationDownload;
		};
/* End PBXContainerItemProxy section */

/* Begin PBXFileReference section */
		F39ABDD31CE787E0004E82BA /* demo13_NSOperationDownload.app */ = {isa = PBXFileReference; explicitFileType = wrapper.application; includeInIndex = 0; path = demo13_NSOperationDownload.app; sourceTree = BUILT_PRODUCTS_DIR; };
		F39ABDD71CE787E0004E82BA /* main.m */ = {isa = PBXFileReference; lastKnownFileType = sourcecode.c.objc; path = main.m; sourceTree = "<group>"; };
		F39ABDD91CE787E0004E82BA /* AppDelegate.h */ = {isa = PBXFileReference; lastKnownFileType = sourcecode.c.h; path = AppDelegate.h; sourceTree = "<group>"; };
		F39ABDDA1CE787E0004E82BA /* AppDelegate.m */ = {isa = PBXFileReference; lastKnownFileType = sourcecode.c.objc; path = AppDelegate.m; sourceTree = "<group>"; };
		F39ABDDC1CE787E0004E82BA /* ViewController.h */ = {isa = PBXFileReference; lastKnownFileType = sourcecode.c.h; path = ViewController.h; sourceTree = "<group>"; };
		F39ABDDD1CE787E0004E82BA /* ViewController.m */ = {isa = PBXFileReference; lastKnownFileType = sourcecode.c.objc; path = ViewController.m; sourceTree = "<group>"; };
		F39ABDE01CE787E0004E82BA /* Base */ = {isa = PBXFileReference; lastKnownFileType = file.storyboard; name = Base; path = Base.lproj/Main.storyboard; sourceTree = "<group>"; };
		F39ABDE21CE787E0004E82BA /* Assets.xcassets */ = {isa = PBXFileReference; lastKnownFileType = folder.assetcatalog; path = Assets.xcassets; sourceTree = "<group>"; };
		F39ABDE51CE787E0004E82BA /* Base */ = {isa = PBXFileReference; lastKnownFileType = file.storyboard; name = Base; path = Base.lproj/LaunchScreen.storyboard; sourceTree = "<group>"; };
		F39ABDE71CE787E0004E82BA /* Info.plist */ = {isa = PBXFileReference; lastKnownFileType = text.plist.xml; path = Info.plist; sourceTree = "<group>"; };
		F39ABDEC1CE787E0004E82BA /* demo13_NSOperationDownloadTests.xctest */ = {isa = PBXFileReference; explicitFileType = wrapper.cfbundle; includeInIndex = 0; path = demo13_NSOperationDownloadTests.xctest; sourceTree = BUILT_PRODUCTS_DIR; };
		F39ABDF01CE787E0004E82BA /* demo13_NSOperationDownloadTests.m */ = {isa = PBXFileReference; lastKnownFileType = sourcecode.c.objc; path = demo13_NSOperationDownloadTests.m; sourceTree = "<group>"; };
		F39ABDF21CE787E0004E82BA /* Info.plist */ = {isa = PBXFileReference; lastKnownFileType = text.plist.xml; path = Info.plist; sourceTree = "<group>"; };
		F39ABDF71CE787E0004E82BA /* demo13_NSOperationDownloadUITests.xctest */ = {isa = PBXFileReference; explicitFileType = wrapper.cfbundle; includeInIndex = 0; path = demo13_NSOperationDownloadUITests.xctest; sourceTree = BUILT_PRODUCTS_DIR; };
		F39ABDFB1CE787E0004E82BA /* demo13_NSOperationDownloadUITests.m */ = {isa = PBXFileReference; lastKnownFileType = sourcecode.c.objc; path = demo13_NSOperationDownloadUITests.m; sourceTree = "<group>"; };
		F39ABDFD1CE787E0004E82BA /* Info.plist */ = {isa = PBXFileReference; lastKnownFileType = text.plist.xml; path = Info.plist; sourceTree = "<group>"; };
/* End PBXFileReference section */

/* Begin PBXFrameworksBuildPhase section */
		F39ABDD01CE787E0004E82BA /* Frameworks */ = {
			isa = PBXFrameworksBuildPhase;
			buildActionMask = 2147483647;
			files = (
			);
			runOnlyForDeploymentPostprocessing = 0;
		};
		F39ABDE91CE787E0004E82BA /* Frameworks */ = {
			isa = PBXFrameworksBuildPhase;
			buildActionMask = 2147483647;
			files = (
			);
			runOnlyForDeploymentPostprocessing = 0;
		};
		F39ABDF41CE787E0004E82BA /* Frameworks */ = {
			isa = PBXFrameworksBuildPhase;
			buildActionMask = 2147483647;
			files = (
			);
			runOnlyForDeploymentPostprocessing = 0;
		};
/* End PBXFrameworksBuildPhase section */

/* Begin PBXGroup section */
		F39ABDCA1CE787E0004E82BA = {
			isa = PBXGroup;
			children = (
				F39ABDD51CE787E0004E82BA /* demo13_NSOperationDownload */,
				F39ABDEF1CE787E0004E82BA /* demo13_NSOperationDownloadTests */,
				F39ABDFA1CE787E0004E82BA /* demo13_NSOperationDownloadUITests */,
				F39ABDD41CE787E0004E82BA /* Products */,
			);
			sourceTree = "<group>";
		};
		F39ABDD41CE787E0004E82BA /* Products */ = {
			isa = PBXGroup;
			children = (
				F39ABDD31CE787E0004E82BA /* demo13_NSOperationDownload.app */,
				F39ABDEC1CE787E0004E82BA /* demo13_NSOperationDownloadTests.xctest */,
				F39ABDF71CE787E0004E82BA /* demo13_NSOperationDownloadUITests.xctest */,
			);
			name = Products;
			sourceTree = "<group>";
		};
		F39ABDD51CE787E0004E82BA /* demo13_NSOperationDownload */ = {
			isa = PBXGroup;
			children = (
				F39ABDD91CE787E0004E82BA /* AppDelegate.h */,
				F39ABDDA1CE787E0004E82BA /* AppDelegate.m */,
				F39ABDDC1CE787E0004E82BA /* ViewController.h */,
				F39ABDDD1CE787E0004E82BA /* ViewController.m */,
				F39ABDDF1CE787E0004E82BA /* Main.storyboard */,
				F39ABDE21CE787E0004E82BA /* Assets.xcassets */,
				F39ABDE41CE787E0004E82BA /* LaunchScreen.storyboard */,
				F39ABDE71CE787E0004E82BA /* Info.plist */,
				F39ABDD61CE787E0004E82BA /* Supporting Files */,
			);
			path = demo13_NSOperationDownload;
			sourceTree = "<group>";
		};
		F39ABDD61CE787E0004E82BA /* Supporting Files */ = {
			isa = PBXGroup;
			children = (
				F39ABDD71CE787E0004E82BA /* main.m */,
			);
			name = "Supporting Files";
			sourceTree = "<group>";
		};
		F39ABDEF1CE787E0004E82BA /* demo13_NSOperationDownloadTests */ = {
			isa = PBXGroup;
			children = (
				F39ABDF01CE787E0004E82BA /* demo13_NSOperationDownloadTests.m */,
				F39ABDF21CE787E0004E82BA /* Info.plist */,
			);
			path = demo13_NSOperationDownloadTests;
			sourceTree = "<group>";
		};
		F39ABDFA1CE787E0004E82BA /* demo13_NSOperationDownloadUITests */ = {
			isa = PBXGroup;
			children = (
				F39ABDFB1CE787E0004E82BA /* demo13_NSOperationDownloadUITests.m */,
				F39ABDFD1CE787E0004E82BA /* Info.plist */,
			);
			path = demo13_NSOperationDownloadUITests;
			sourceTree = "<group>";
		};
/* End PBXGroup section */

/* Begin PBXNativeTarget section */
		F39ABDD21CE787E0004E82BA /* demo13_NSOperationDownload */ = {
			isa = PBXNativeTarget;
			buildConfigurationList = F39ABE001CE787E0004E82BA /* Build configuration list for PBXNativeTarget "demo13_NSOperationDownload" */;
			buildPhases = (
				F39ABDCF1CE787E0004E82BA /* Sources */,
				F39ABDD01CE787E0004E82BA /* Frameworks */,
				F39ABDD11CE787E0004E82BA /* Resources */,
			);
			buildRules = (
			);
			dependencies = (
			);
			name = demo13_NSOperationDownload;
			productName = demo13_NSOperationDownload;
			productReference = F39ABDD31CE787E0004E82BA /* demo13_NSOperationDownload.app */;
			productType = "com.apple.product-type.application";
		};
		F39ABDEB1CE787E0004E82BA /* demo13_NSOperationDownloadTests */ = {
			isa = PBXNativeTarget;
			buildConfigurationList = F39ABE031CE787E0004E82BA /* Build configuration list for PBXNativeTarget "demo13_NSOperationDownloadTests" */;
			buildPhases = (
				F39ABDE81CE787E0004E82BA /* Sources */,
				F39ABDE91CE787E0004E82BA /* Frameworks */,
				F39ABDEA1CE787E0004E82BA /* Resources */,
			);
			buildRules = (
			);
			dependencies = (
				F39ABDEE1CE787E0004E82BA /* PBXTargetDependency */,
			);
			name = demo13_NSOperationDownloadTests;
			productName = demo13_NSOperationDownloadTests;
			productReference = F39ABDEC1CE787E0004E82BA /* demo13_NSOperationDownloadTests.xctest */;
			productType = "com.apple.product-type.bundle.unit-test";
		};
		F39ABDF61CE787E0004E82BA /* demo13_NSOperationDownloadUITests */ = {
			isa = PBXNativeTarget;
			buildConfigurationList = F39ABE061CE787E0004E82BA /* Build configuration list for PBXNativeTarget "demo13_NSOperationDownloadUITests" */;
			buildPhases = (
				F39ABDF31CE787E0004E82BA /* Sources */,
				F39ABDF41CE787E0004E82BA /* Frameworks */,
				F39ABDF51CE787E0004E82BA /* Resources */,
			);
			buildRules = (
			);
			dependencies = (
				F39ABDF91CE787E0004E82BA /* PBXTargetDependency */,
			);
			name = demo13_NSOperationDownloadUITests;
			productName = demo13_NSOperationDownloadUITests;
			productReference = F39ABDF71CE787E0004E82BA /* demo13_NSOperationDownloadUITests.xctest */;
			productType = "com.apple.product-type.bundle.ui-testing";
		};
/* End PBXNativeTarget section */

/* Begin PBXProject section */
		F39ABDCB1CE787E0004E82BA /* Project object */ = {
			isa = PBXProject;
			attributes = {
				LastUpgradeCheck = 0730;
				ORGANIZATIONNAME = "罗仕镁";
				TargetAttributes = {
					F39ABDD21CE787E0004E82BA = {
						CreatedOnToolsVersion = 7.3.1;
						DevelopmentTeam = 479GM7HR25;
					};
					F39ABDEB1CE787E0004E82BA = {
						CreatedOnToolsVersion = 7.3.1;
						DevelopmentTeam = 479GM7HR25;
						TestTargetID = F39ABDD21CE787E0004E82BA;
					};
					F39ABDF61CE787E0004E82BA = {
						CreatedOnToolsVersion = 7.3.1;
						DevelopmentTeam = 479GM7HR25;
						TestTargetID = F39ABDD21CE787E0004E82BA;
					};
				};
			};
			buildConfigurationList = F39ABDCE1CE787E0004E82BA /* Build configuration list for PBXProject "demo13_NSOperationDownload" */;
			compatibilityVersion = "Xcode 3.2";
			developmentRegion = English;
			hasScannedForEncodings = 0;
			knownRegions = (
				en,
				Base,
			);
			mainGroup = F39ABDCA1CE787E0004E82BA;
			productRefGroup = F39ABDD41CE787E0004E82BA /* Products */;
			projectDirPath = "";
			projectRoot = "";
			targets = (
				F39ABDD21CE787E0004E82BA /* demo13_NSOperationDownload */,
				F39ABDEB1CE787E0004E82BA /* demo13_NSOperationDownloadTests */,
				F39ABDF61CE787E0004E82BA /* demo13_NSOperationDownloadUITests */,
			);
		};
/* End PBXProject section */

/* Begin PBXResourcesBuildPhase section */
		F39ABDD11CE787E0004E82BA /* Resources */ = {
			isa = PBXResourcesBuildPhase;
			buildActionMask = 2147483647;
			files = (
				F39ABDE61CE787E0004E82BA /* LaunchScreen.storyboard in Resources */,
				F39ABDE31CE787E0004E82BA /* Assets.xcassets in Resources */,
				F39ABDE11CE787E0004E82BA /* Main.storyboard in Resources */,
			);
			runOnlyForDeploymentPostprocessing = 0;
		};
		F39ABDEA1CE787E0004E82BA /* Resources */ = {
			isa = PBXResourcesBuildPhase;
			buildActionMask = 2147483647;
			files = (
			);
			runOnlyForDeploymentPostprocessing = 0;
		};
		F39ABDF51CE787E0004E82BA /* Resources */ = {
			isa = PBXResourcesBuildPhase;
			buildActionMask = 2147483647;
			files = (
			);
			runOnlyForDeploymentPostprocessing = 0;
		};
/* End PBXResourcesBuildPhase section */

/* Begin PBXSourcesBuildPhase section */
		F39ABDCF1CE787E0004E82BA /* Sources */ = {
			isa = PBXSourcesBuildPhase;
			buildActionMask = 2147483647;
			files = (
				F39ABDDE1CE787E0004E82BA /* ViewController.m in Sources */,
				F39ABDDB1CE787E0004E82BA /* AppDelegate.m in Sources */,
				F39ABDD81CE787E0004E82BA /* main.m in Sources */,
			);
			runOnlyForDeploymentPostprocessing = 0;
		};
		F39ABDE81CE787E0004E82BA /* Sources */ = {
			isa = PBXSourcesBuildPhase;
			buildActionMask = 2147483647;
			files = (
				F39ABDF11CE787E0004E82BA /* demo13_NSOperationDownloadTests.m in Sources */,
			);
			runOnlyForDeploymentPostprocessing = 0;
		};
		F39ABDF31CE787E0004E82BA /* Sources */ = {
			isa = PBXSourcesBuildPhase;
			buildActionMask = 2147483647;
			files = (
				F39ABDFC1CE787E0004E82BA /* demo13_NSOperationDownloadUITests.m in Sources */,
			);
			runOnlyForDeploymentPostprocessing = 0;
		};
/* End PBXSourcesBuildPhase section */

/* Begin PBXTargetDependency section */
		F39ABDEE1CE787E0004E82BA /* PBXTargetDependency */ = {
			isa = PBXTargetDependency;
			target = F39ABDD21CE787E0004E82BA /* demo13_NSOperationDownload */;
			targetProxy = F39ABDED1CE787E0004E82BA /* PBXContainerItemProxy */;
		};
		F39ABDF91CE787E0004E82BA /* PBXTargetDependency */ = {
			isa = PBXTargetDependency;
			target = F39ABDD21CE787E0004E82BA /* demo13_NSOperationDownload */;
			targetProxy = F39ABDF81CE787E0004E82BA /* PBXContainerItemProxy */;
		};
/* End PBXTargetDependency section */

/* Begin PBXVariantGroup section */
		F39ABDDF1CE787E0004E82BA /* Main.storyboard */ = {
			isa = PBXVariantGroup;
			children = (
				F39ABDE01CE787E0004E82BA /* Base */,
			);
			name = Main.storyboard;
			sourceTree = "<group>";
		};
		F39ABDE41CE787E0004E82BA /* LaunchScreen.storyboard */ = {
			isa = PBXVariantGroup;
			children = (
				F39ABDE51CE787E0004E82BA /* Base */,
			);
			name = LaunchScreen.storyboard;
			sourceTree = "<group>";
		};
/* End PBXVariantGroup section */

/* Begin XCBuildConfiguration section */
		F39ABDFE1CE787E0004E82BA /* Debug */ = {
			isa = XCBuildConfiguration;
			buildSettings = {
				ALWAYS_SEARCH_USER_PATHS = NO;
				CLANG_ANALYZER_NONNULL = YES;
				CLANG_CXX_LANGUAGE_STANDARD = "gnu++0x";
				CLANG_CXX_LIBRARY = "libc++";
				CLANG_ENABLE_MODULES = YES;
				CLANG_ENABLE_OBJC_ARC = YES;
				CLANG_WARN_BOOL_CONVERSION = YES;
				CLANG_WARN_CONSTANT_CONVERSION = YES;
				CLANG_WARN_DIRECT_OBJC_ISA_USAGE = YES_ERROR;
				CLANG_WARN_EMPTY_BODY = YES;
				CLANG_WARN_ENUM_CONVERSION = YES;
				CLANG_WARN_INT_CONVERSION = YES;
				CLANG_WARN_OBJC_ROOT_CLASS = YES_ERROR;
				CLANG_WARN_UNREACHABLE_CODE = YES;
				CLANG_WARN__DUPLICATE_METHOD_MATCH = YES;
				"CODE_SIGN_IDENTITY[sdk=iphoneos*]" = "iPhone Developer";
				COPY_PHASE_STRIP = NO;
				DEBUG_INFORMATION_FORMAT = dwarf;
				ENABLE_STRICT_OBJC_MSGSEND = YES;
				ENABLE_TESTABILITY = YES;
				GCC_C_LANGUAGE_STANDARD = gnu99;
				GCC_DYNAMIC_NO_PIC = NO;
				GCC_NO_COMMON_BLOCKS = YES;
				GCC_OPTIMIZATION_LEVEL = 0;
				GCC_PREPROCESSOR_DEFINITIONS = (
					"DEBUG=1",
					"$(inherited)",
				);
				GCC_WARN_64_TO_32_BIT_CONVERSION = YES;
				GCC_WARN_ABOUT_RETURN_TYPE = YES_ERROR;
				GCC_WARN_UNDECLARED_SELECTOR = YES;
				GCC_WARN_UNINITIALIZED_AUTOS = YES_AGGRESSIVE;
				GCC_WARN_UNUSED_FUNCTION = YES;
				GCC_WARN_UNUSED_VARIABLE = YES;
				IPHONEOS_DEPLOYMENT_TARGET = 9.3;
				MTL_ENABLE_DEBUG_INFO = YES;
				ONLY_ACTIVE_ARCH = YES;
				SDKROOT = iphoneos;
			};
			name = Debug;
		};
		F39ABDFF1CE787E0004E82BA /* Release */ = {
			isa = XCBuildConfiguration;
			buildSettings = {
				ALWAYS_SEARCH_USER_PATHS = NO;
				CLANG_ANALYZER_NONNULL = YES;
				CLANG_CXX_LANGUAGE_STANDARD = "gnu++0x";
				CLANG_CXX_LIBRARY = "libc++";
				CLANG_ENABLE_MODULES = YES;
				CLANG_ENABLE_OBJC_ARC = YES;
				CLANG_WARN_BOOL_CONVERSION = YES;
				CLANG_WARN_CONSTANT_CONVERSION = YES;
				CLANG_WARN_DIRECT_OBJC_ISA_USAGE = YES_ERROR;
				CLANG_WARN_EMPTY_BODY = YES;
				CLANG_WARN_ENUM_CONVERSION = YES;
				CLANG_WARN_INT_CONVERSION = YES;
				CLANG_WARN_OBJC_ROOT_CLASS = YES_ERROR;
				CLANG_WARN_UNREACHABLE_CODE = YES;
				CLANG_WARN__DUPLICATE_METHOD_MATCH = YES;
				"CODE_SIGN_IDENTITY[sdk=iphoneos*]" = "iPhone Developer";
				COPY_PHASE_STRIP = NO;
				DEBUG_INFORMATION_FORMAT = "dwarf-with-dsym";
				ENABLE_NS_ASSERTIONS = NO;
				ENABLE_STRICT_OBJC_MSGSEND = YES;
				GCC_C_LANGUAGE_STANDARD = gnu99;
				GCC_NO_COMMON_BLOCKS = YES;
				GCC_WARN_64_TO_32_BIT_CONVERSION = YES;
				GCC_WARN_ABOUT_RETURN_TYPE = YES_ERROR;
				GCC_WARN_UNDECLARED_SELECTOR = YES;
				GCC_WARN_UNINITIALIZED_AUTOS = YES_AGGRESSIVE;
				GCC_WARN_UNUSED_FUNCTION = YES;
				GCC_WARN_UNUSED_VARIABLE = YES;
				IPHONEOS_DEPLOYMENT_TARGET = 9.3;
				MTL_ENABLE_DEBUG_INFO = NO;
				SDKROOT = iphoneos;
				VALIDATE_PRODUCT = YES;
			};
			name = Release;
		};
		F39ABE011CE787E0004E82BA /* Debug */ = {
			isa = XCBuildConfiguration;
			buildSettings = {
				ASSETCATALOG_COMPILER_APPICON_NAME = AppIcon;
				INFOPLIST_FILE = demo13_NSOperationDownload/Info.plist;
				LD_RUNPATH_SEARCH_PATHS = "$(inherited) @executable_path/Frameworks";
				PRODUCT_BUNDLE_IDENTIFIER = "com.Shime.demo13-NSOperationDownload";
				PRODUCT_NAME = "$(TARGET_NAME)";
			};
			name = Debug;
		};
		F39ABE021CE787E0004E82BA /* Release */ = {
			isa = XCBuildConfiguration;
			buildSettings = {
				ASSETCATALOG_COMPILER_APPICON_NAME = AppIcon;
				INFOPLIST_FILE = demo13_NSOperationDownload/Info.plist;
				LD_RUNPATH_SEARCH_PATHS = "$(inherited) @executable_path/Frameworks";
				PRODUCT_BUNDLE_IDENTIFIER = "com.Shime.demo13-NSOperationDownload";
				PRODUCT_NAME = "$(TARGET_NAME)";
			};
			name = Release;
		};
		F39ABE041CE787E0004E82BA /* Debug */ = {
			isa = XCBuildConfiguration;
			buildSettings = {
				BUNDLE_LOADER = "$(TEST_HOST)";
				INFOPLIST_FILE = demo13_NSOperationDownloadTests/Info.plist;
				LD_RUNPATH_SEARCH_PATHS = "$(inherited) @executable_path/Frameworks @loader_path/Frameworks";
				PRODUCT_BUNDLE_IDENTIFIER = "com.Shime.demo13-NSOperationDownloadTests";
				PRODUCT_NAME = "$(TARGET_NAME)";
				TEST_HOST = "$(BUILT_PRODUCTS_DIR)/demo13_NSOperationDownload.app/demo13_NSOperationDownload";
			};
			name = Debug;
		};
		F39ABE051CE787E0004E82BA /* Release */ = {
			isa = XCBuildConfiguration;
			buildSettings = {
				BUNDLE_LOADER = "$(TEST_HOST)";
				INFOPLIST_FILE = demo13_NSOperationDownloadTests/Info.plist;
				LD_RUNPATH_SEARCH_PATHS = "$(inherited) @executable_path/Frameworks @loader_path/Frameworks";
				PRODUCT_BUNDLE_IDENTIFIER = "com.Shime.demo13-NSOperationDownloadTests";
				PRODUCT_NAME = "$(TARGET_NAME)";
				TEST_HOST = "$(BUILT_PRODUCTS_DIR)/demo13_NSOperationDownload.app/demo13_NSOperationDownload";
			};
			name = Release;
		};
		F39ABE071CE787E0004E82BA /* Debug */ = {
			isa = XCBuildConfiguration;
			buildSettings = {
				INFOPLIST_FILE = demo13_NSOperationDownloadUITests/Info.plist;
				LD_RUNPATH_SEARCH_PATHS = "$(inherited) @executable_path/Frameworks @loader_path/Frameworks";
				PRODUCT_BUNDLE_IDENTIFIER = "com.Shime.demo13-NSOperationDownloadUITests";
				PRODUCT_NAME = "$(TARGET_NAME)";
				TEST_TARGET_NAME = demo13_NSOperationDownload;
			};
			name = Debug;
		};
		F39ABE081CE787E0004E82BA /* Release */ = {
			isa = XCBuildConfiguration;
			buildSettings = {
				INFOPLIST_FILE = demo13_NSOperationDownloadUITests/Info.plist;
				LD_RUNPATH_SEARCH_PATHS = "$(inherited) @executable_path/Frameworks @loader_path/Frameworks";
				PRODUCT_BUNDLE_IDENTIFIER = "com.Shime.demo13-NSOperationDownloadUITests";
				PRODUCT_NAME = "$(TARGET_NAME)";
				TEST_TARGET_NAME = demo13_NSOperationDownload;
			};
			name = Release;
		};
/* End XCBuildConfiguration section */

/* Begin XCConfigurationList section */
		F39ABDCE1CE787E0004E82BA /* Build configuration list for PBXProject "demo13_NSOperationDownload" */ = {
			isa = XCConfigurationList;
			buildConfigurations = (
				F39ABDFE1CE787E0004E82BA /* Debug */,
				F39ABDFF1CE787E0004E82BA /* Release */,
			);
			defaultConfigurationIsVisible = 0;
			defaultConfigurationName = Release;
		};
		F39ABE001CE787E0004E82BA /* Build configuration list for PBXNativeTarget "demo13_NSOperationDownload" */ = {
			isa = XCConfigurationList;
			buildConfigurations = (
				F39ABE011CE787E0004E82BA /* Debug */,
				F39ABE021CE787E0004E82BA /* Release */,
			);
			defaultConfigurationIsVisible = 0;
		};
		F39ABE031CE787E0004E82BA /* Build configuration list for PBXNativeTarget "demo13_NSOperationDownloadTests" */ = {
			isa = XCConfigurationList;
			buildConfigurations = (
				F39ABE041CE787E0004E82BA /* Debug */,
				F39ABE051CE787E0004E82BA /* Release */,
			);
			defaultConfigurationIsVisible = 0;
		};
		F39ABE061CE787E0004E82BA /* Build configuration list for PBXNativeTarget "demo13_NSOperationDownloadUITests" */ = {
			isa = XCConfigurationList;
			buildConfigurations = (
				F39ABE071CE787E0004E82BA /* Debug */,
				F39ABE081CE787E0004E82BA /* Release */,
			);
			defaultConfigurationIsVisible = 0;
		};
/* End XCConfigurationList section */
	};
	rootObject = F39ABDCB1CE787E0004E82BA /* Project object */;
}
